
Microsoft Visual Studio Solution File, Format Version 12.00
# Visual Studio Version 17
VisualStudioVersion = 17.3.32929.385
MinimumVisualStudioVersion = 10.0.40219.1
Project("{FAE04EC0-301F-11D3-BF4B-00C04F79EFBC}") = "Generics_Ex", "Generics_Ex\Generics_Ex.csproj", "{93F37918-DDFF-446F-A24E-F6DD05EADDCF}"
EndProject
Global
	GlobalSection(SolutionConfigurationPlatforms) = preSolution
		Debug|Any CPU = Debug|Any CPU
		Release|Any CPU = Release|Any CPU
	EndGlobalSection
	GlobalSection(ProjectConfigurationPlatforms) = postSolution
		{93F37918-DDFF-446F-A24E-F6DD05EADDCF}.Debug|Any CPU.ActiveCfg = Debug|Any CPU
		{93F37918-DDFF-446F-A24E-F6DD05EADDCF}.Debug|Any CPU.Build.0 = Debug|Any CPU
		{93F37918-DDFF-446F-A24E-F6DD05EADDCF}.Release|Any CPU.ActiveCfg = Release|Any CPU
		{93F37918-DDFF-446F-A24E-F6DD05EADDCF}.Release|Any CPU.Build.0 = Release|Any CPU
	EndGlobalSection
	GlobalSection(SolutionProperties) = preSolution
		HideSolutionNode = FALSE
	EndGlobalSection
	GlobalSection(ExtensibilityGlobals) = postSolution
		SolutionGuid = {3253F7BB-57C5-4A22-9B1A-6872B4D53F39}
	EndGlobalSection
EndGlobal
