
Microsoft Visual Studio Solution File, Format Version 12.00
# Visual Studio Version 17
VisualStudioVersion = 17.3.32929.385
MinimumVisualStudioVersion = 10.0.40219.1
Project("{FAE04EC0-301F-11D3-BF4B-00C04F79EFBC}") = "Assignment1_Ben", "Assignment1_Ben\Assignment1_Ben.csproj", "{8B68EA6F-DE0A-4215-83A9-F36913500861}"
EndProject
Global
	GlobalSection(SolutionConfigurationPlatforms) = preSolution
		Debug|Any CPU = Debug|Any CPU
		Release|Any CPU = Release|Any CPU
	EndGlobalSection
	GlobalSection(ProjectConfigurationPlatforms) = postSolution
		{8B68EA6F-DE0A-4215-83A9-F36913500861}.Debug|Any CPU.ActiveCfg = Debug|Any CPU
		{8B68EA6F-DE0A-4215-83A9-F36913500861}.Debug|Any CPU.Build.0 = Debug|Any CPU
		{8B68EA6F-DE0A-4215-83A9-F36913500861}.Release|Any CPU.ActiveCfg = Release|Any CPU
		{8B68EA6F-DE0A-4215-83A9-F36913500861}.Release|Any CPU.Build.0 = Release|Any CPU
	EndGlobalSection
	GlobalSection(SolutionProperties) = preSolution
		HideSolutionNode = FALSE
	EndGlobalSection
	GlobalSection(ExtensibilityGlobals) = postSolution
		SolutionGuid = {D6AD10F3-7808-4163-8BC8-880B0395B9C1}
	EndGlobalSection
EndGlobal
