
Microsoft Visual Studio Solution File, Format Version 12.00
# Visual Studio Version 17
VisualStudioVersion = 17.3.32929.385
MinimumVisualStudioVersion = 10.0.40219.1
Project("{FAE04EC0-301F-11D3-BF4B-00C04F79EFBC}") = "Factorial_Ex2", "Factorial_Ex2\Factorial_Ex2.csproj", "{FBB86A58-6ABC-48B3-B73B-FEF60600EF78}"
EndProject
Global
	GlobalSection(SolutionConfigurationPlatforms) = preSolution
		Debug|Any CPU = Debug|Any CPU
		Release|Any CPU = Release|Any CPU
	EndGlobalSection
	GlobalSection(ProjectConfigurationPlatforms) = postSolution
		{FBB86A58-6ABC-48B3-B73B-FEF60600EF78}.Debug|Any CPU.ActiveCfg = Debug|Any CPU
		{FBB86A58-6ABC-48B3-B73B-FEF60600EF78}.Debug|Any CPU.Build.0 = Debug|Any CPU
		{FBB86A58-6ABC-48B3-B73B-FEF60600EF78}.Release|Any CPU.ActiveCfg = Release|Any CPU
		{FBB86A58-6ABC-48B3-B73B-FEF60600EF78}.Release|Any CPU.Build.0 = Release|Any CPU
	EndGlobalSection
	GlobalSection(SolutionProperties) = preSolution
		HideSolutionNode = FALSE
	EndGlobalSection
	GlobalSection(ExtensibilityGlobals) = postSolution
		SolutionGuid = {2AC5C5F4-69C1-4BB8-8742-DD13E2C651B0}
	EndGlobalSection
EndGlobal
