
Microsoft Visual Studio Solution File, Format Version 12.00
# Visual Studio Version 17
VisualStudioVersion = 17.1.32328.378
MinimumVisualStudioVersion = 10.0.40219.1
Project("{FAE04EC0-301F-11D3-BF4B-00C04F79EFBC}") = "UcuncuGun_15_04_22", "UcuncuGun_15_04_22\UcuncuGun_15_04_22.csproj", "{D493771E-C55C-4754-A032-8C270A6E9674}"
EndProject
Global
	GlobalSection(SolutionConfigurationPlatforms) = preSolution
		Debug|Any CPU = Debug|Any CPU
		Release|Any CPU = Release|Any CPU
	EndGlobalSection
	GlobalSection(ProjectConfigurationPlatforms) = postSolution
		{D493771E-C55C-4754-A032-8C270A6E9674}.Debug|Any CPU.ActiveCfg = Debug|Any CPU
		{D493771E-C55C-4754-A032-8C270A6E9674}.Debug|Any CPU.Build.0 = Debug|Any CPU
		{D493771E-C55C-4754-A032-8C270A6E9674}.Release|Any CPU.ActiveCfg = Release|Any CPU
		{D493771E-C55C-4754-A032-8C270A6E9674}.Release|Any CPU.Build.0 = Release|Any CPU
	EndGlobalSection
	GlobalSection(SolutionProperties) = preSolution
		HideSolutionNode = FALSE
	EndGlobalSection
	GlobalSection(ExtensibilityGlobals) = postSolution
		SolutionGuid = {9C5DAB59-81EC-483A-A2B2-30EF5BD82192}
	EndGlobalSection
EndGlobal
