
Microsoft Visual Studio Solution File, Format Version 12.00
# Visual Studio Version 17
VisualStudioVersion = 17.3.32929.385
MinimumVisualStudioVersion = 10.0.40219.1
Project("{FAE04EC0-301F-11D3-BF4B-00C04F79EFBC}") = "Bank", "UnitTestingTutorial\Bank.csproj", "{9F55B774-B8E7-4F49-A133-61C185E86432}"
EndProject
Project("{FAE04EC0-301F-11D3-BF4B-00C04F79EFBC}") = "BankNUnitTest", "BankNUnitTest\BankNUnitTest.csproj", "{0A1E1C70-FA13-41F1-B41B-10F1FA30DA4F}"
EndProject
Global
	GlobalSection(SolutionConfigurationPlatforms) = preSolution
		Debug|Any CPU = Debug|Any CPU
		Release|Any CPU = Release|Any CPU
	EndGlobalSection
	GlobalSection(ProjectConfigurationPlatforms) = postSolution
		{9F55B774-B8E7-4F49-A133-61C185E86432}.Debug|Any CPU.ActiveCfg = Debug|Any CPU
		{9F55B774-B8E7-4F49-A133-61C185E86432}.Debug|Any CPU.Build.0 = Debug|Any CPU
		{9F55B774-B8E7-4F49-A133-61C185E86432}.Release|Any CPU.ActiveCfg = Release|Any CPU
		{9F55B774-B8E7-4F49-A133-61C185E86432}.Release|Any CPU.Build.0 = Release|Any CPU
		{0A1E1C70-FA13-41F1-B41B-10F1FA30DA4F}.Debug|Any CPU.ActiveCfg = Debug|Any CPU
		{0A1E1C70-FA13-41F1-B41B-10F1FA30DA4F}.Debug|Any CPU.Build.0 = Debug|Any CPU
		{0A1E1C70-FA13-41F1-B41B-10F1FA30DA4F}.Release|Any CPU.ActiveCfg = Release|Any CPU
		{0A1E1C70-FA13-41F1-B41B-10F1FA30DA4F}.Release|Any CPU.Build.0 = Release|Any CPU
	EndGlobalSection
	GlobalSection(SolutionProperties) = preSolution
		HideSolutionNode = FALSE
	EndGlobalSection
	GlobalSection(ExtensibilityGlobals) = postSolution
		SolutionGuid = {FEE64391-73ED-4064-9C9D-5ED022FD089A}
	EndGlobalSection
EndGlobal
