
Microsoft Visual Studio Solution File, Format Version 12.00
# Visual Studio Version 17
VisualStudioVersion = 17.3.32929.385
MinimumVisualStudioVersion = 10.0.40219.1
Project("{FAE04EC0-301F-11D3-BF4B-00C04F79EFBC}") = "Interface_Ornek", "Interface_Ornek\Interface_Ornek.csproj", "{A3620022-24F6-4A8B-A20F-19152F9FC2AF}"
EndProject
Global
	GlobalSection(SolutionConfigurationPlatforms) = preSolution
		Debug|Any CPU = Debug|Any CPU
		Release|Any CPU = Release|Any CPU
	EndGlobalSection
	GlobalSection(ProjectConfigurationPlatforms) = postSolution
		{A3620022-24F6-4A8B-A20F-19152F9FC2AF}.Debug|Any CPU.ActiveCfg = Debug|Any CPU
		{A3620022-24F6-4A8B-A20F-19152F9FC2AF}.Debug|Any CPU.Build.0 = Debug|Any CPU
		{A3620022-24F6-4A8B-A20F-19152F9FC2AF}.Release|Any CPU.ActiveCfg = Release|Any CPU
		{A3620022-24F6-4A8B-A20F-19152F9FC2AF}.Release|Any CPU.Build.0 = Release|Any CPU
	EndGlobalSection
	GlobalSection(SolutionProperties) = preSolution
		HideSolutionNode = FALSE
	EndGlobalSection
	GlobalSection(ExtensibilityGlobals) = postSolution
		SolutionGuid = {BF7DB1AF-77AD-4C72-A4A4-100CD7822D51}
	EndGlobalSection
EndGlobal
