
Microsoft Visual Studio Solution File, Format Version 12.00
# Visual Studio Version 17
VisualStudioVersion = 17.3.32929.385
MinimumVisualStudioVersion = 10.0.40219.1
Project("{FAE04EC0-301F-11D3-BF4B-00C04F79EFBC}") = "First_Class_PSE", "First_Class_PSE\First_Class_PSE.csproj", "{0587E938-B2F1-43E0-946E-6B4C6846770A}"
EndProject
Global
	GlobalSection(SolutionConfigurationPlatforms) = preSolution
		Debug|Any CPU = Debug|Any CPU
		Release|Any CPU = Release|Any CPU
	EndGlobalSection
	GlobalSection(ProjectConfigurationPlatforms) = postSolution
		{0587E938-B2F1-43E0-946E-6B4C6846770A}.Debug|Any CPU.ActiveCfg = Debug|Any CPU
		{0587E938-B2F1-43E0-946E-6B4C6846770A}.Debug|Any CPU.Build.0 = Debug|Any CPU
		{0587E938-B2F1-43E0-946E-6B4C6846770A}.Release|Any CPU.ActiveCfg = Release|Any CPU
		{0587E938-B2F1-43E0-946E-6B4C6846770A}.Release|Any CPU.Build.0 = Release|Any CPU
	EndGlobalSection
	GlobalSection(SolutionProperties) = preSolution
		HideSolutionNode = FALSE
	EndGlobalSection
	GlobalSection(ExtensibilityGlobals) = postSolution
		SolutionGuid = {D4267D60-4AD2-4A81-84B6-B0A65EC66C66}
	EndGlobalSection
EndGlobal
