
Microsoft Visual Studio Solution File, Format Version 12.00
# Visual Studio Version 17
VisualStudioVersion = 17.3.32929.385
MinimumVisualStudioVersion = 10.0.40219.1
Project("{FAE04EC0-301F-11D3-BF4B-00C04F79EFBC}") = "Lecture4_", "Lecture4_\Lecture4_.csproj", "{A1EACBA7-5A58-4D95-A8A9-41297DE281E6}"
EndProject
Global
	GlobalSection(SolutionConfigurationPlatforms) = preSolution
		Debug|Any CPU = Debug|Any CPU
		Release|Any CPU = Release|Any CPU
	EndGlobalSection
	GlobalSection(ProjectConfigurationPlatforms) = postSolution
		{A1EACBA7-5A58-4D95-A8A9-41297DE281E6}.Debug|Any CPU.ActiveCfg = Debug|Any CPU
		{A1EACBA7-5A58-4D95-A8A9-41297DE281E6}.Debug|Any CPU.Build.0 = Debug|Any CPU
		{A1EACBA7-5A58-4D95-A8A9-41297DE281E6}.Release|Any CPU.ActiveCfg = Release|Any CPU
		{A1EACBA7-5A58-4D95-A8A9-41297DE281E6}.Release|Any CPU.Build.0 = Release|Any CPU
	EndGlobalSection
	GlobalSection(SolutionProperties) = preSolution
		HideSolutionNode = FALSE
	EndGlobalSection
	GlobalSection(ExtensibilityGlobals) = postSolution
		SolutionGuid = {D5CBAD94-154D-454E-9F74-7AE98968810C}
	EndGlobalSection
EndGlobal
