
Microsoft Visual Studio Solution File, Format Version 12.00
# Visual Studio Version 17
VisualStudioVersion = 17.3.32929.385
MinimumVisualStudioVersion = 10.0.40219.1
Project("{FAE04EC0-301F-11D3-BF4B-00C04F79EFBC}") = "exercise4", "exercise4\exercise4.csproj", "{935F696A-EE43-4F6E-BAE4-96D7D9280C96}"
EndProject
Global
	GlobalSection(SolutionConfigurationPlatforms) = preSolution
		Debug|Any CPU = Debug|Any CPU
		Release|Any CPU = Release|Any CPU
	EndGlobalSection
	GlobalSection(ProjectConfigurationPlatforms) = postSolution
		{935F696A-EE43-4F6E-BAE4-96D7D9280C96}.Debug|Any CPU.ActiveCfg = Debug|Any CPU
		{935F696A-EE43-4F6E-BAE4-96D7D9280C96}.Debug|Any CPU.Build.0 = Debug|Any CPU
		{935F696A-EE43-4F6E-BAE4-96D7D9280C96}.Release|Any CPU.ActiveCfg = Release|Any CPU
		{935F696A-EE43-4F6E-BAE4-96D7D9280C96}.Release|Any CPU.Build.0 = Release|Any CPU
	EndGlobalSection
	GlobalSection(SolutionProperties) = preSolution
		HideSolutionNode = FALSE
	EndGlobalSection
	GlobalSection(ExtensibilityGlobals) = postSolution
		SolutionGuid = {0F5C3451-E961-46D1-B3E2-46C0F27BBCA1}
	EndGlobalSection
EndGlobal
