
Microsoft Visual Studio Solution File, Format Version 12.00
# Visual Studio Version 17
VisualStudioVersion = 17.1.32328.378
MinimumVisualStudioVersion = 10.0.40219.1
Project("{FAE04EC0-301F-11D3-BF4B-00C04F79EFBC}") = "Odev1_selin_26_Nisan", "Odev1_selin_26_Nisan\Odev1_selin_26_Nisan.csproj", "{2CA2C859-0BEC-4742-B1E5-92216529BBDF}"
EndProject
Global
	GlobalSection(SolutionConfigurationPlatforms) = preSolution
		Debug|Any CPU = Debug|Any CPU
		Release|Any CPU = Release|Any CPU
	EndGlobalSection
	GlobalSection(ProjectConfigurationPlatforms) = postSolution
		{2CA2C859-0BEC-4742-B1E5-92216529BBDF}.Debug|Any CPU.ActiveCfg = Debug|Any CPU
		{2CA2C859-0BEC-4742-B1E5-92216529BBDF}.Debug|Any CPU.Build.0 = Debug|Any CPU
		{2CA2C859-0BEC-4742-B1E5-92216529BBDF}.Release|Any CPU.ActiveCfg = Release|Any CPU
		{2CA2C859-0BEC-4742-B1E5-92216529BBDF}.Release|Any CPU.Build.0 = Release|Any CPU
	EndGlobalSection
	GlobalSection(SolutionProperties) = preSolution
		HideSolutionNode = FALSE
	EndGlobalSection
	GlobalSection(ExtensibilityGlobals) = postSolution
		SolutionGuid = {73E884BF-DEF6-4A97-851B-A8EBB0B2D6D6}
	EndGlobalSection
EndGlobal
