
Microsoft Visual Studio Solution File, Format Version 12.00
# Visual Studio Version 17
VisualStudioVersion = 17.3.32929.385
MinimumVisualStudioVersion = 10.0.40219.1
Project("{FAE04EC0-301F-11D3-BF4B-00C04F79EFBC}") = "PSE_second_lesson", "PSE_second_lesson\PSE_second_lesson.csproj", "{51B1CDA6-0531-4A99-B47C-DB6B3B72A723}"
EndProject
Global
	GlobalSection(SolutionConfigurationPlatforms) = preSolution
		Debug|Any CPU = Debug|Any CPU
		Release|Any CPU = Release|Any CPU
	EndGlobalSection
	GlobalSection(ProjectConfigurationPlatforms) = postSolution
		{51B1CDA6-0531-4A99-B47C-DB6B3B72A723}.Debug|Any CPU.ActiveCfg = Debug|Any CPU
		{51B1CDA6-0531-4A99-B47C-DB6B3B72A723}.Debug|Any CPU.Build.0 = Debug|Any CPU
		{51B1CDA6-0531-4A99-B47C-DB6B3B72A723}.Release|Any CPU.ActiveCfg = Release|Any CPU
		{51B1CDA6-0531-4A99-B47C-DB6B3B72A723}.Release|Any CPU.Build.0 = Release|Any CPU
	EndGlobalSection
	GlobalSection(SolutionProperties) = preSolution
		HideSolutionNode = FALSE
	EndGlobalSection
	GlobalSection(ExtensibilityGlobals) = postSolution
		SolutionGuid = {58DE5DBB-8B98-4A33-87DB-2D744578A449}
	EndGlobalSection
EndGlobal
