
Microsoft Visual Studio Solution File, Format Version 12.00
# Visual Studio Version 17
VisualStudioVersion = 17.3.32929.385
MinimumVisualStudioVersion = 10.0.40219.1
Project("{FAE04EC0-301F-11D3-BF4B-00C04F79EFBC}") = "GenericsYoutubeEx", "GenericsYoutubeEx\GenericsYoutubeEx.csproj", "{85DADB88-9DFF-404A-9791-86E9A93E1CD7}"
EndProject
Global
	GlobalSection(SolutionConfigurationPlatforms) = preSolution
		Debug|Any CPU = Debug|Any CPU
		Release|Any CPU = Release|Any CPU
	EndGlobalSection
	GlobalSection(ProjectConfigurationPlatforms) = postSolution
		{85DADB88-9DFF-404A-9791-86E9A93E1CD7}.Debug|Any CPU.ActiveCfg = Debug|Any CPU
		{85DADB88-9DFF-404A-9791-86E9A93E1CD7}.Debug|Any CPU.Build.0 = Debug|Any CPU
		{85DADB88-9DFF-404A-9791-86E9A93E1CD7}.Release|Any CPU.ActiveCfg = Release|Any CPU
		{85DADB88-9DFF-404A-9791-86E9A93E1CD7}.Release|Any CPU.Build.0 = Release|Any CPU
	EndGlobalSection
	GlobalSection(SolutionProperties) = preSolution
		HideSolutionNode = FALSE
	EndGlobalSection
	GlobalSection(ExtensibilityGlobals) = postSolution
		SolutionGuid = {815284C4-0AE7-4CE1-9CBD-4C49B5119509}
	EndGlobalSection
EndGlobal
