
Microsoft Visual Studio Solution File, Format Version 12.00
# Visual Studio Version 17
VisualStudioVersion = 17.3.32929.385
MinimumVisualStudioVersion = 10.0.40219.1
Project("{FAE04EC0-301F-11D3-BF4B-00C04F79EFBC}") = "Console_Based_Game_Turorial", "Console_Based_Game_Turorial\Console_Based_Game_Turorial.csproj", "{DC1E83B7-17AE-4D07-A73C-ABFB789E187E}"
EndProject
Global
	GlobalSection(SolutionConfigurationPlatforms) = preSolution
		Debug|Any CPU = Debug|Any CPU
		Release|Any CPU = Release|Any CPU
	EndGlobalSection
	GlobalSection(ProjectConfigurationPlatforms) = postSolution
		{DC1E83B7-17AE-4D07-A73C-ABFB789E187E}.Debug|Any CPU.ActiveCfg = Debug|Any CPU
		{DC1E83B7-17AE-4D07-A73C-ABFB789E187E}.Debug|Any CPU.Build.0 = Debug|Any CPU
		{DC1E83B7-17AE-4D07-A73C-ABFB789E187E}.Release|Any CPU.ActiveCfg = Release|Any CPU
		{DC1E83B7-17AE-4D07-A73C-ABFB789E187E}.Release|Any CPU.Build.0 = Release|Any CPU
	EndGlobalSection
	GlobalSection(SolutionProperties) = preSolution
		HideSolutionNode = FALSE
	EndGlobalSection
	GlobalSection(ExtensibilityGlobals) = postSolution
		SolutionGuid = {5EC79B3D-2820-47AA-B20E-D37360B1B111}
	EndGlobalSection
EndGlobal
