
Microsoft Visual Studio Solution File, Format Version 12.00
# Visual Studio Version 17
VisualStudioVersion = 17.3.32929.385
MinimumVisualStudioVersion = 10.0.40219.1
Project("{FAE04EC0-301F-11D3-BF4B-00C04F79EFBC}") = "Interface_Ex_araba", "Interface_Ex_araba\Interface_Ex_araba.csproj", "{08A39ABA-13BB-4983-A405-C011B8FC6609}"
EndProject
Global
	GlobalSection(SolutionConfigurationPlatforms) = preSolution
		Debug|Any CPU = Debug|Any CPU
		Release|Any CPU = Release|Any CPU
	EndGlobalSection
	GlobalSection(ProjectConfigurationPlatforms) = postSolution
		{08A39ABA-13BB-4983-A405-C011B8FC6609}.Debug|Any CPU.ActiveCfg = Debug|Any CPU
		{08A39ABA-13BB-4983-A405-C011B8FC6609}.Debug|Any CPU.Build.0 = Debug|Any CPU
		{08A39ABA-13BB-4983-A405-C011B8FC6609}.Release|Any CPU.ActiveCfg = Release|Any CPU
		{08A39ABA-13BB-4983-A405-C011B8FC6609}.Release|Any CPU.Build.0 = Release|Any CPU
	EndGlobalSection
	GlobalSection(SolutionProperties) = preSolution
		HideSolutionNode = FALSE
	EndGlobalSection
	GlobalSection(ExtensibilityGlobals) = postSolution
		SolutionGuid = {547FFDDD-1C09-4577-B156-B5BD97BB8077}
	EndGlobalSection
EndGlobal
