
Microsoft Visual Studio Solution File, Format Version 12.00
# Visual Studio Version 17
VisualStudioVersion = 17.3.32929.385
MinimumVisualStudioVersion = 10.0.40219.1
Project("{FAE04EC0-301F-11D3-BF4B-00C04F79EFBC}") = "giraffe3", "giraffe3\giraffe3.csproj", "{23214AAB-33D3-4D23-BF47-099B19657026}"
EndProject
Global
	GlobalSection(SolutionConfigurationPlatforms) = preSolution
		Debug|Any CPU = Debug|Any CPU
		Release|Any CPU = Release|Any CPU
	EndGlobalSection
	GlobalSection(ProjectConfigurationPlatforms) = postSolution
		{23214AAB-33D3-4D23-BF47-099B19657026}.Debug|Any CPU.ActiveCfg = Debug|Any CPU
		{23214AAB-33D3-4D23-BF47-099B19657026}.Debug|Any CPU.Build.0 = Debug|Any CPU
		{23214AAB-33D3-4D23-BF47-099B19657026}.Release|Any CPU.ActiveCfg = Release|Any CPU
		{23214AAB-33D3-4D23-BF47-099B19657026}.Release|Any CPU.Build.0 = Release|Any CPU
	EndGlobalSection
	GlobalSection(SolutionProperties) = preSolution
		HideSolutionNode = FALSE
	EndGlobalSection
	GlobalSection(ExtensibilityGlobals) = postSolution
		SolutionGuid = {6C9529A1-6B03-41DF-8127-49AE8379AFAE}
	EndGlobalSection
EndGlobal
